github.com/cakturk/go-netstat v0.0.0-20200220111822-e5b49efee7a5 h1:BjkPE3785EwPhhyuFkbINB+2a1xATwk8SNDWnJiD41g=
github.com/cakturk/go-netstat v0.0.0-20200220111822-e5b49efee7a5/go.mod h1:jtAfVaU/2cu1+wdSRPWE2c1N2qeAA3K4RH9pYgqwets=
github.com/mozilla/mig v0.0.0-20190913234010-9e7e4f525805 h1:aR0FDMk+x7dz50dqbvd5EPobe2cCHvRbUKGD6HhSXhk=
github.com/mozilla/mig v0.0.0-20190913234010-9e7e4f525805/go.mod h1:2c03209qVdj62h4aUMg8KfnbIGC83caKZB8/4F/7YV4=
